# This file is generated by running "yarn install" inside your project.
# Manual changes might be lost - proceed with caution!

__metadata:
  version: 6
  cacheKey: 8

"@fortawesome/fontawesome-free@npm:^6.4.2":
  version: 6.4.2
  resolution: "@fortawesome/fontawesome-free@npm:6.4.2"
  checksum: 14be8fbb8faa62473c01fe70590e39cdc76a0083b791537fd3d2215a790d2722d917242b1f7948e160876934a8d3823c764af9b8d4ef6dc1ecad55b585e5b776
  languageName: node
  linkType: hard

"bd@workspace:.":
  version: 0.0.0-use.local
  resolution: "bd@workspace:."
  dependencies:
    "@fortawesome/fontawesome-free": ^6.4.2
    bulma: ^0.9.4
  languageName: unknown
  linkType: soft

"bulma@npm:^0.9.4":
  version: 0.9.4
  resolution: "bulma@npm:0.9.4"
  checksum: bc0ab8c203deb0ae200fab5b38547ad4bc8ed1e3abcf6f4ac8a2229af46540419bbcb78c9d2e80f3ddda8825d64fa186ed8775674656cdcabe5544be4d0f3d85
  languageName: node
  linkType: hard
